{
  "object": {
    "pins": [
      {
        "package": "DataField",
        "repositoryURL": "https://github.com/marcusrossel/data-field",
        "state": {
          "branch": null,
          "revision": "ff785c19bf568b0205748b6e7449a1a79045cb85",
          "version": "0.3.2"
        }
      },
      {
        "package": "SwiftSoup",
        "repositoryURL": "https://github.com/scinfu/SwiftSoup.git",
        "state": {
          "branch": null,
          "revision": "774dc9c7213085db8aa59595e27c1cd22e428904",
          "version": "2.3.2"
        }
      }
    ]
  },
  "version": 1
}
