{
  "object": {
    "pins": [
      {
        "package": "DataField",
        "repositoryURL": "https://github.com/marcusrossel/data-field",
        "state": {
          "branch": null,
          "revision": "81f3cefcf320d9ca203f6e8754179a5b2d85d62f",
          "version": "0.3.3"
        }
      },
      {
        "package": "SwiftSoup",
        "repositoryURL": "https://github.com/scinfu/SwiftSoup.git",
        "state": {
          "branch": null,
          "revision": "774dc9c7213085db8aa59595e27c1cd22e428904",
          "version": "2.3.2"
        }
      }
    ]
  },
  "version": 1
}
