{
  "object": {
    "pins": [
      {
        "package": "DataField",
        "repositoryURL": "https://github.com/marcusrossel/data-field",
        "state": {
          "branch": null,
          "revision": "ff785c19bf568b0205748b6e7449a1a79045cb85",
          "version": "0.3.2"
        }
      }
    ]
  },
  "version": 1
}
