// !$*UTF8*$!
{
	archiveVersion = 1;
	classes = {
	};
	objectVersion = 52;
	objects = {

/* Begin PBXBuildFile section */
		2C1277E02558484B008B8C7D /* RedeApp.swift in Sources */ = {isa = PBXBuildFile; fileRef = 2C1277DF2558484B008B8C7D /* RedeApp.swift */; };
		2C1277E22558484B008B8C7D /* Home.swift in Sources */ = {isa = PBXBuildFile; fileRef = 2C1277E12558484B008B8C7D /* Home.swift */; };
		2C1277E42558484E008B8C7D /* Assets.xcassets in Resources */ = {isa = PBXBuildFile; fileRef = 2C1277E32558484E008B8C7D /* Assets.xcassets */; };
		2C1277F825584970008B8C7D /* Icon.swift in Sources */ = {isa = PBXBuildFile; fileRef = 2C1277F125584970008B8C7D /* Icon.swift */; };
		2C1277FA25584970008B8C7D /* Folder.swift in Sources */ = {isa = PBXBuildFile; fileRef = 2C1277F325584970008B8C7D /* Folder.swift */; };
		2C1277FB25584970008B8C7D /* Bookmark.swift in Sources */ = {isa = PBXBuildFile; fileRef = 2C1277F425584970008B8C7D /* Bookmark.swift */; };
		2C1277FD25584970008B8C7D /* Storage.swift in Sources */ = {isa = PBXBuildFile; fileRef = 2C1277F725584970008B8C7D /* Storage.swift */; };
		2C12780225584B65008B8C7D /* PreviewData.swift in Sources */ = {isa = PBXBuildFile; fileRef = 2C12780125584B65008B8C7D /* PreviewData.swift */; };
		2C12780625584D88008B8C7D /* Home.FolderRow.swift in Sources */ = {isa = PBXBuildFile; fileRef = 2C12780525584D88008B8C7D /* Home.FolderRow.swift */; };
		2C12780A25584ED7008B8C7D /* FolderDetail.swift in Sources */ = {isa = PBXBuildFile; fileRef = 2C12780925584ED7008B8C7D /* FolderDetail.swift */; };
		2C12780D25585078008B8C7D /* FolderDetail.BookmarkRow.swift in Sources */ = {isa = PBXBuildFile; fileRef = 2C12780C25585078008B8C7D /* FolderDetail.BookmarkRow.swift */; };
		2C1E80802559F36E000CA8E4 /* Home.NoFolders.swift in Sources */ = {isa = PBXBuildFile; fileRef = 2C1E807F2559F36E000CA8E4 /* Home.NoFolders.swift */; };
		2C1E80842559F726000CA8E4 /* Binding+Safe.swift in Sources */ = {isa = PBXBuildFile; fileRef = 2C1E80832559F726000CA8E4 /* Binding+Safe.swift */; };
		2C2224D625592F21000F53C6 /* SFSymbols.swift in Sources */ = {isa = PBXBuildFile; fileRef = 2C2224D525592F21000F53C6 /* SFSymbols.swift */; };
		2C2224DE255938BF000F53C6 /* FolderMerger.swift in Sources */ = {isa = PBXBuildFile; fileRef = 2C2224DD255938BF000F53C6 /* FolderMerger.swift */; };
		2C2224E5255944A8000F53C6 /* Row.swift in Sources */ = {isa = PBXBuildFile; fileRef = 2C2224E4255944A8000F53C6 /* Row.swift */; };
		2C24E1E4255C492100722B9C /* ShareExtension.Sheet.swift in Sources */ = {isa = PBXBuildFile; fileRef = 2C24E1E3255C492100722B9C /* ShareExtension.Sheet.swift */; };
		2C24E1EF255C512900722B9C /* ShareExtension.swift in Sources */ = {isa = PBXBuildFile; fileRef = 2C24E1EE255C512900722B9C /* ShareExtension.swift */; };
		2C24E1F5255C517E00722B9C /* ShareExtension.Model.swift in Sources */ = {isa = PBXBuildFile; fileRef = 2C24E1F4255C517E00722B9C /* ShareExtension.Model.swift */; };
		2C73A9C9255C2EAA00026565 /* ShareExtension.Controller.swift in Sources */ = {isa = PBXBuildFile; fileRef = 2C73A9C8255C2EAA00026565 /* ShareExtension.Controller.swift */; };
		2C73A9D0255C2EAA00026565 /* Share Extension.appex in Embed App Extensions */ = {isa = PBXBuildFile; fileRef = 2C73A9C6255C2EAA00026565 /* Share Extension.appex */; settings = {ATTRIBUTES = (RemoveHeadersOnCopy, ); }; };
		2C73A9DB255C2FC200026565 /* Storage.swift in Sources */ = {isa = PBXBuildFile; fileRef = 2C1277F725584970008B8C7D /* Storage.swift */; };
		2C73A9DE255C2FD600026565 /* Icon.swift in Sources */ = {isa = PBXBuildFile; fileRef = 2C1277F125584970008B8C7D /* Icon.swift */; };
		2C73A9DF255C2FD600026565 /* Bookmark.swift in Sources */ = {isa = PBXBuildFile; fileRef = 2C1277F425584970008B8C7D /* Bookmark.swift */; };
		2C73A9E0255C2FD600026565 /* Folder.swift in Sources */ = {isa = PBXBuildFile; fileRef = 2C1277F325584970008B8C7D /* Folder.swift */; };
		2C73A9FB255C434F00026565 /* FolderPicker.swift in Sources */ = {isa = PBXBuildFile; fileRef = 2CF72D9325598467002381AD /* FolderPicker.swift */; };
		2C73A9FE255C436F00026565 /* Row.swift in Sources */ = {isa = PBXBuildFile; fileRef = 2C2224E4255944A8000F53C6 /* Row.swift */; };
		2C73AA01255C439D00026565 /* RandomAccessCollection+Indexed.swift in Sources */ = {isa = PBXBuildFile; fileRef = 2CE33FA32558568C006E2254 /* RandomAccessCollection+Indexed.swift */; };
		2C73AA03255C439D00026565 /* Collection+Safe.swift in Sources */ = {isa = PBXBuildFile; fileRef = 2CB3CE51255BC8160007419F /* Collection+Safe.swift */; };
		2C73AA04255C439D00026565 /* Binding+Safe.swift in Sources */ = {isa = PBXBuildFile; fileRef = 2C1E80832559F726000CA8E4 /* Binding+Safe.swift */; };
		2C73AA07255C43A000026565 /* PreviewData.swift in Sources */ = {isa = PBXBuildFile; fileRef = 2C12780125584B65008B8C7D /* PreviewData.swift */; };
		2C73AA0A255C43A700026565 /* Assets.xcassets in Resources */ = {isa = PBXBuildFile; fileRef = 2C1277E32558484E008B8C7D /* Assets.xcassets */; };
		2CB3CE52255BC8160007419F /* Collection+Safe.swift in Sources */ = {isa = PBXBuildFile; fileRef = 2CB3CE51255BC8160007419F /* Collection+Safe.swift */; };
		2CE33FA42558568C006E2254 /* RandomAccessCollection+Indexed.swift in Sources */ = {isa = PBXBuildFile; fileRef = 2CE33FA32558568C006E2254 /* RandomAccessCollection+Indexed.swift */; };
		2CE33FA725585B7C006E2254 /* FolderEditor.swift in Sources */ = {isa = PBXBuildFile; fileRef = 2CE33FA625585B7C006E2254 /* FolderEditor.swift */; };
		2CE41CE7255DA15100AE68E2 /* Folder.Sorting.swift in Sources */ = {isa = PBXBuildFile; fileRef = 2CE41CE6255DA15100AE68E2 /* Folder.Sorting.swift */; };
		2CE41CE8255DA15100AE68E2 /* Folder.Sorting.swift in Sources */ = {isa = PBXBuildFile; fileRef = 2CE41CE6255DA15100AE68E2 /* Folder.Sorting.swift */; };
		2CE41CF0255DAE9D00AE68E2 /* Action.swift in Sources */ = {isa = PBXBuildFile; fileRef = 2CE41CEF255DAE9D00AE68E2 /* Action.swift */; };
		2CE41CF9255DB3DD00AE68E2 /* Array+IndexForID.swift in Sources */ = {isa = PBXBuildFile; fileRef = 2CE41CF8255DB3DD00AE68E2 /* Array+IndexForID.swift */; };
		2CE41CFA255DB3DD00AE68E2 /* Array+IndexForID.swift in Sources */ = {isa = PBXBuildFile; fileRef = 2CE41CF8255DB3DD00AE68E2 /* Array+IndexForID.swift */; };
		2CE41D00255DB95800AE68E2 /* BookmarkEditor.URLField.swift in Sources */ = {isa = PBXBuildFile; fileRef = 2CE41CFF255DB95800AE68E2 /* BookmarkEditor.URLField.swift */; };
		2CE41D06255DBA0100AE68E2 /* BookmarkEditor.FavoriteButton.swift in Sources */ = {isa = PBXBuildFile; fileRef = 2CE41D05255DBA0100AE68E2 /* BookmarkEditor.FavoriteButton.swift */; };
		2CE41D11255DBAE700AE68E2 /* BookmarkEditor.ReadButton.swift in Sources */ = {isa = PBXBuildFile; fileRef = 2CE41D10255DBAE700AE68E2 /* BookmarkEditor.ReadButton.swift */; };
		2CF72D9125597A46002381AD /* BookmarkEditor.swift in Sources */ = {isa = PBXBuildFile; fileRef = 2CF72D9025597A46002381AD /* BookmarkEditor.swift */; };
		2CF72D9425598467002381AD /* FolderPicker.swift in Sources */ = {isa = PBXBuildFile; fileRef = 2CF72D9325598467002381AD /* FolderPicker.swift */; };
		2CF72D9A255988A8002381AD /* DataField in Frameworks */ = {isa = PBXBuildFile; productRef = 2CF72D99255988A8002381AD /* DataField */; };
		2CF83372255C55EC00445A1A /* SwiftSoup in Frameworks */ = {isa = PBXBuildFile; productRef = 2CF83371255C55EC00445A1A /* SwiftSoup */; };
		2CF8337D255C574B00445A1A /* DataField in Frameworks */ = {isa = PBXBuildFile; productRef = 2CF8337C255C574B00445A1A /* DataField */; };
/* End PBXBuildFile section */

/* Begin PBXContainerItemProxy section */
		2C73A9CE255C2EAA00026565 /* PBXContainerItemProxy */ = {
			isa = PBXContainerItemProxy;
			containerPortal = 2C1277D42558484B008B8C7D /* Project object */;
			proxyType = 1;
			remoteGlobalIDString = 2C73A9C5255C2EAA00026565;
			remoteInfo = "Share Extension";
		};
/* End PBXContainerItemProxy section */

/* Begin PBXCopyFilesBuildPhase section */
		2C73A9D1255C2EAA00026565 /* Embed App Extensions */ = {
			isa = PBXCopyFilesBuildPhase;
			buildActionMask = 2147483647;
			dstPath = "";
			dstSubfolderSpec = 13;
			files = (
				2C73A9D0255C2EAA00026565 /* Share Extension.appex in Embed App Extensions */,
			);
			name = "Embed App Extensions";
			runOnlyForDeploymentPostprocessing = 0;
		};
/* End PBXCopyFilesBuildPhase section */

/* Begin PBXFileReference section */
		2C1277DC2558484B008B8C7D /* Rede.app */ = {isa = PBXFileReference; explicitFileType = wrapper.application; includeInIndex = 0; path = Rede.app; sourceTree = BUILT_PRODUCTS_DIR; };
		2C1277DF2558484B008B8C7D /* RedeApp.swift */ = {isa = PBXFileReference; lastKnownFileType = sourcecode.swift; path = RedeApp.swift; sourceTree = "<group>"; };
		2C1277E12558484B008B8C7D /* Home.swift */ = {isa = PBXFileReference; lastKnownFileType = sourcecode.swift; path = Home.swift; sourceTree = "<group>"; };
		2C1277E32558484E008B8C7D /* Assets.xcassets */ = {isa = PBXFileReference; lastKnownFileType = folder.assetcatalog; path = Assets.xcassets; sourceTree = "<group>"; };
		2C1277E82558484E008B8C7D /* Info.plist */ = {isa = PBXFileReference; lastKnownFileType = text.plist.xml; path = Info.plist; sourceTree = "<group>"; };
		2C1277F125584970008B8C7D /* Icon.swift */ = {isa = PBXFileReference; fileEncoding = 4; lastKnownFileType = sourcecode.swift; path = Icon.swift; sourceTree = "<group>"; };
		2C1277F325584970008B8C7D /* Folder.swift */ = {isa = PBXFileReference; fileEncoding = 4; lastKnownFileType = sourcecode.swift; path = Folder.swift; sourceTree = "<group>"; };
		2C1277F425584970008B8C7D /* Bookmark.swift */ = {isa = PBXFileReference; fileEncoding = 4; lastKnownFileType = sourcecode.swift; path = Bookmark.swift; sourceTree = "<group>"; };
		2C1277F725584970008B8C7D /* Storage.swift */ = {isa = PBXFileReference; fileEncoding = 4; lastKnownFileType = sourcecode.swift; path = Storage.swift; sourceTree = "<group>"; };
		2C12780125584B65008B8C7D /* PreviewData.swift */ = {isa = PBXFileReference; fileEncoding = 4; lastKnownFileType = sourcecode.swift; path = PreviewData.swift; sourceTree = "<group>"; };
		2C12780525584D88008B8C7D /* Home.FolderRow.swift */ = {isa = PBXFileReference; lastKnownFileType = sourcecode.swift; path = Home.FolderRow.swift; sourceTree = "<group>"; };
		2C12780925584ED7008B8C7D /* FolderDetail.swift */ = {isa = PBXFileReference; lastKnownFileType = sourcecode.swift; path = FolderDetail.swift; sourceTree = "<group>"; };
		2C12780C25585078008B8C7D /* FolderDetail.BookmarkRow.swift */ = {isa = PBXFileReference; lastKnownFileType = sourcecode.swift; path = FolderDetail.BookmarkRow.swift; sourceTree = "<group>"; };
		2C1E807F2559F36E000CA8E4 /* Home.NoFolders.swift */ = {isa = PBXFileReference; lastKnownFileType = sourcecode.swift; path = Home.NoFolders.swift; sourceTree = "<group>"; };
		2C1E80832559F726000CA8E4 /* Binding+Safe.swift */ = {isa = PBXFileReference; lastKnownFileType = sourcecode.swift; path = "Binding+Safe.swift"; sourceTree = "<group>"; };
		2C2224D525592F21000F53C6 /* SFSymbols.swift */ = {isa = PBXFileReference; fileEncoding = 4; lastKnownFileType = sourcecode.swift; path = SFSymbols.swift; sourceTree = "<group>"; };
		2C2224DD255938BF000F53C6 /* FolderMerger.swift */ = {isa = PBXFileReference; lastKnownFileType = sourcecode.swift; path = FolderMerger.swift; sourceTree = "<group>"; };
		2C2224E4255944A8000F53C6 /* Row.swift */ = {isa = PBXFileReference; lastKnownFileType = sourcecode.swift; path = Row.swift; sourceTree = "<group>"; };
		2C24E1E3255C492100722B9C /* ShareExtension.Sheet.swift */ = {isa = PBXFileReference; lastKnownFileType = sourcecode.swift; path = ShareExtension.Sheet.swift; sourceTree = "<group>"; };
		2C24E1EE255C512900722B9C /* ShareExtension.swift */ = {isa = PBXFileReference; lastKnownFileType = sourcecode.swift; path = ShareExtension.swift; sourceTree = "<group>"; };
		2C24E1F4255C517E00722B9C /* ShareExtension.Model.swift */ = {isa = PBXFileReference; lastKnownFileType = sourcecode.swift; path = ShareExtension.Model.swift; sourceTree = "<group>"; };
		2C73A9C6255C2EAA00026565 /* Share Extension.appex */ = {isa = PBXFileReference; explicitFileType = "wrapper.app-extension"; includeInIndex = 0; path = "Share Extension.appex"; sourceTree = BUILT_PRODUCTS_DIR; };
		2C73A9C8255C2EAA00026565 /* ShareExtension.Controller.swift */ = {isa = PBXFileReference; lastKnownFileType = sourcecode.swift; path = ShareExtension.Controller.swift; sourceTree = "<group>"; };
		2C73A9CD255C2EAA00026565 /* Info.plist */ = {isa = PBXFileReference; lastKnownFileType = text.plist.xml; path = Info.plist; sourceTree = "<group>"; };
		2C73A9D7255C2F5600026565 /* Rede.entitlements */ = {isa = PBXFileReference; lastKnownFileType = text.plist.entitlements; path = Rede.entitlements; sourceTree = "<group>"; };
		2CB3CE51255BC8160007419F /* Collection+Safe.swift */ = {isa = PBXFileReference; fileEncoding = 4; lastKnownFileType = sourcecode.swift; path = "Collection+Safe.swift"; sourceTree = "<group>"; };
		2CE33FA32558568C006E2254 /* RandomAccessCollection+Indexed.swift */ = {isa = PBXFileReference; fileEncoding = 4; lastKnownFileType = sourcecode.swift; path = "RandomAccessCollection+Indexed.swift"; sourceTree = "<group>"; };
		2CE33FA625585B7C006E2254 /* FolderEditor.swift */ = {isa = PBXFileReference; lastKnownFileType = sourcecode.swift; path = FolderEditor.swift; sourceTree = "<group>"; };
		2CE41CE6255DA15100AE68E2 /* Folder.Sorting.swift */ = {isa = PBXFileReference; lastKnownFileType = sourcecode.swift; path = Folder.Sorting.swift; sourceTree = "<group>"; };
		2CE41CEF255DAE9D00AE68E2 /* Action.swift */ = {isa = PBXFileReference; lastKnownFileType = sourcecode.swift; path = Action.swift; sourceTree = "<group>"; };
		2CE41CF8255DB3DD00AE68E2 /* Array+IndexForID.swift */ = {isa = PBXFileReference; lastKnownFileType = sourcecode.swift; path = "Array+IndexForID.swift"; sourceTree = "<group>"; };
		2CE41CFF255DB95800AE68E2 /* BookmarkEditor.URLField.swift */ = {isa = PBXFileReference; lastKnownFileType = sourcecode.swift; path = BookmarkEditor.URLField.swift; sourceTree = "<group>"; };
		2CE41D05255DBA0100AE68E2 /* BookmarkEditor.FavoriteButton.swift */ = {isa = PBXFileReference; lastKnownFileType = sourcecode.swift; path = BookmarkEditor.FavoriteButton.swift; sourceTree = "<group>"; };
		2CE41D10255DBAE700AE68E2 /* BookmarkEditor.ReadButton.swift */ = {isa = PBXFileReference; lastKnownFileType = sourcecode.swift; path = BookmarkEditor.ReadButton.swift; sourceTree = "<group>"; };
		2CF72D9025597A46002381AD /* BookmarkEditor.swift */ = {isa = PBXFileReference; lastKnownFileType = sourcecode.swift; path = BookmarkEditor.swift; sourceTree = "<group>"; };
		2CF72D9325598467002381AD /* FolderPicker.swift */ = {isa = PBXFileReference; lastKnownFileType = sourcecode.swift; path = FolderPicker.swift; sourceTree = "<group>"; };
/* End PBXFileReference section */

/* Begin PBXFrameworksBuildPhase section */
		2C1277D92558484B008B8C7D /* Frameworks */ = {
			isa = PBXFrameworksBuildPhase;
			buildActionMask = 2147483647;
			files = (
				2CF72D9A255988A8002381AD /* DataField in Frameworks */,
			);
			runOnlyForDeploymentPostprocessing = 0;
		};
		2C73A9C3255C2EAA00026565 /* Frameworks */ = {
			isa = PBXFrameworksBuildPhase;
			buildActionMask = 2147483647;
			files = (
				2CF83372255C55EC00445A1A /* SwiftSoup in Frameworks */,
				2CF8337D255C574B00445A1A /* DataField in Frameworks */,
			);
			runOnlyForDeploymentPostprocessing = 0;
		};
/* End PBXFrameworksBuildPhase section */

/* Begin PBXGroup section */
		2C04B4C12559655800A34D35 /* Folder */ = {
			isa = PBXGroup;
			children = (
				2C12780925584ED7008B8C7D /* FolderDetail.swift */,
				2C12780C25585078008B8C7D /* FolderDetail.BookmarkRow.swift */,
			);
			path = Folder;
			sourceTree = "<group>";
		};
		2C1277D32558484B008B8C7D = {
			isa = PBXGroup;
			children = (
				2C73A9DA255C2FAD00026565 /* Common */,
				2C1277DE2558484B008B8C7D /* App */,
				2C73A9C7255C2EAA00026565 /* Share Extension */,
				2C1277DD2558484B008B8C7D /* Products */,
				2CF83370255C55EC00445A1A /* Frameworks */,
			);
			sourceTree = "<group>";
		};
		2C1277DD2558484B008B8C7D /* Products */ = {
			isa = PBXGroup;
			children = (
				2C1277DC2558484B008B8C7D /* Rede.app */,
				2C73A9C6255C2EAA00026565 /* Share Extension.appex */,
			);
			name = Products;
			sourceTree = "<group>";
		};
		2C1277DE2558484B008B8C7D /* App */ = {
			isa = PBXGroup;
			children = (
				2C1277E82558484E008B8C7D /* Info.plist */,
				2C1277DF2558484B008B8C7D /* RedeApp.swift */,
				2CE41CEF255DAE9D00AE68E2 /* Action.swift */,
				2C2224D525592F21000F53C6 /* SFSymbols.swift */,
				2C2224DC255938AE000F53C6 /* Home */,
				2C04B4C12559655800A34D35 /* Folder */,
				2CE41D04255DB9E300AE68E2 /* Bookmark Editor */,
			);
			path = App;
			sourceTree = "<group>";
		};
		2C1277E52558484E008B8C7D /* Preview Content */ = {
			isa = PBXGroup;
			children = (
				2C12780125584B65008B8C7D /* PreviewData.swift */,
			);
			path = "Preview Content";
			sourceTree = "<group>";
		};
		2C1277F025584970008B8C7D /* Model */ = {
			isa = PBXGroup;
			children = (
				2C1277F425584970008B8C7D /* Bookmark.swift */,
				2C1277F325584970008B8C7D /* Folder.swift */,
				2CE41CE6255DA15100AE68E2 /* Folder.Sorting.swift */,
				2C1277F125584970008B8C7D /* Icon.swift */,
			);
			path = Model;
			sourceTree = "<group>";
		};
		2C1277F625584970008B8C7D /* Persistence */ = {
			isa = PBXGroup;
			children = (
				2C1277F725584970008B8C7D /* Storage.swift */,
			);
			path = Persistence;
			sourceTree = "<group>";
		};
		2C2224DC255938AE000F53C6 /* Home */ = {
			isa = PBXGroup;
			children = (
				2C1277E12558484B008B8C7D /* Home.swift */,
				2C1E807F2559F36E000CA8E4 /* Home.NoFolders.swift */,
				2C12780525584D88008B8C7D /* Home.FolderRow.swift */,
				2CE33FA625585B7C006E2254 /* FolderEditor.swift */,
				2C2224DD255938BF000F53C6 /* FolderMerger.swift */,
			);
			path = Home;
			sourceTree = "<group>";
		};
		2C73A9C7255C2EAA00026565 /* Share Extension */ = {
			isa = PBXGroup;
			children = (
				2C73A9CD255C2EAA00026565 /* Info.plist */,
				2C24E1EE255C512900722B9C /* ShareExtension.swift */,
				2C24E1E3255C492100722B9C /* ShareExtension.Sheet.swift */,
				2C24E1F4255C517E00722B9C /* ShareExtension.Model.swift */,
				2C73A9C8255C2EAA00026565 /* ShareExtension.Controller.swift */,
			);
			path = "Share Extension";
			sourceTree = "<group>";
		};
		2C73A9DA255C2FAD00026565 /* Common */ = {
			isa = PBXGroup;
			children = (
				2C1277F025584970008B8C7D /* Model */,
				2C73A9FA255C432800026565 /* UI */,
				2C1277F625584970008B8C7D /* Persistence */,
				2CE33FA225585672006E2254 /* Extensions */,
				2C1277E52558484E008B8C7D /* Preview Content */,
				2C73A9D7255C2F5600026565 /* Rede.entitlements */,
				2C1277E32558484E008B8C7D /* Assets.xcassets */,
			);
			path = Common;
			sourceTree = "<group>";
		};
		2C73A9FA255C432800026565 /* UI */ = {
			isa = PBXGroup;
			children = (
				2C2224E4255944A8000F53C6 /* Row.swift */,
				2CF72D9325598467002381AD /* FolderPicker.swift */,
			);
			path = UI;
			sourceTree = "<group>";
		};
		2CE33FA225585672006E2254 /* Extensions */ = {
			isa = PBXGroup;
			children = (
				2CE33FA32558568C006E2254 /* RandomAccessCollection+Indexed.swift */,
				2CB3CE51255BC8160007419F /* Collection+Safe.swift */,
				2C1E80832559F726000CA8E4 /* Binding+Safe.swift */,
				2CE41CF8255DB3DD00AE68E2 /* Array+IndexForID.swift */,
			);
			path = Extensions;
			sourceTree = "<group>";
		};
		2CE41D04255DB9E300AE68E2 /* Bookmark Editor */ = {
			isa = PBXGroup;
			children = (
				2CF72D9025597A46002381AD /* BookmarkEditor.swift */,
				2CE41CFF255DB95800AE68E2 /* BookmarkEditor.URLField.swift */,
				2CE41D05255DBA0100AE68E2 /* BookmarkEditor.FavoriteButton.swift */,
				2CE41D10255DBAE700AE68E2 /* BookmarkEditor.ReadButton.swift */,
			);
			path = "Bookmark Editor";
			sourceTree = "<group>";
		};
		2CF83370255C55EC00445A1A /* Frameworks */ = {
			isa = PBXGroup;
			children = (
			);
			name = Frameworks;
			sourceTree = "<group>";
		};
/* End PBXGroup section */

/* Begin PBXNativeTarget section */
		2C1277DB2558484B008B8C7D /* Rede */ = {
			isa = PBXNativeTarget;
			buildConfigurationList = 2C1277EB2558484E008B8C7D /* Build configuration list for PBXNativeTarget "Rede" */;
			buildPhases = (
				2C1277D82558484B008B8C7D /* Sources */,
				2C1277D92558484B008B8C7D /* Frameworks */,
				2C1277DA2558484B008B8C7D /* Resources */,
				2C73A9D1255C2EAA00026565 /* Embed App Extensions */,
			);
			buildRules = (
			);
			dependencies = (
				2C73A9CF255C2EAA00026565 /* PBXTargetDependency */,
			);
			name = Rede;
			packageProductDependencies = (
				2CF72D99255988A8002381AD /* DataField */,
			);
			productName = Rede;
			productReference = 2C1277DC2558484B008B8C7D /* Rede.app */;
			productType = "com.apple.product-type.application";
		};
		2C73A9C5255C2EAA00026565 /* Share Extension */ = {
			isa = PBXNativeTarget;
			buildConfigurationList = 2C73A9D4255C2EAA00026565 /* Build configuration list for PBXNativeTarget "Share Extension" */;
			buildPhases = (
				2C73A9C2255C2EAA00026565 /* Sources */,
				2C73A9C3255C2EAA00026565 /* Frameworks */,
				2C73A9C4255C2EAA00026565 /* Resources */,
			);
			buildRules = (
			);
			dependencies = (
			);
			name = "Share Extension";
			packageProductDependencies = (
				2CF83371255C55EC00445A1A /* SwiftSoup */,
				2CF8337C255C574B00445A1A /* DataField */,
			);
			productName = "Share Extension";
			productReference = 2C73A9C6255C2EAA00026565 /* Share Extension.appex */;
			productType = "com.apple.product-type.app-extension";
		};
/* End PBXNativeTarget section */

/* Begin PBXProject section */
		2C1277D42558484B008B8C7D /* Project object */ = {
			isa = PBXProject;
			attributes = {
				LastSwiftUpdateCheck = 1210;
				LastUpgradeCheck = 1200;
				TargetAttributes = {
					2C1277DB2558484B008B8C7D = {
						CreatedOnToolsVersion = 12.0.1;
					};
					2C73A9C5255C2EAA00026565 = {
						CreatedOnToolsVersion = 12.1;
					};
				};
			};
			buildConfigurationList = 2C1277D72558484B008B8C7D /* Build configuration list for PBXProject "Rede" */;
			compatibilityVersion = "Xcode 9.3";
			developmentRegion = en;
			hasScannedForEncodings = 0;
			knownRegions = (
				en,
				Base,
			);
			mainGroup = 2C1277D32558484B008B8C7D;
			packageReferences = (
				2CF72D98255988A8002381AD /* XCRemoteSwiftPackageReference "data-field" */,
				2C24E1E9255C4D9300722B9C /* XCRemoteSwiftPackageReference "SwiftSoup" */,
			);
			productRefGroup = 2C1277DD2558484B008B8C7D /* Products */;
			projectDirPath = "";
			projectRoot = "";
			targets = (
				2C1277DB2558484B008B8C7D /* Rede */,
				2C73A9C5255C2EAA00026565 /* Share Extension */,
			);
		};
/* End PBXProject section */

/* Begin PBXResourcesBuildPhase section */
		2C1277DA2558484B008B8C7D /* Resources */ = {
			isa = PBXResourcesBuildPhase;
			buildActionMask = 2147483647;
			files = (
				2C1277E42558484E008B8C7D /* Assets.xcassets in Resources */,
			);
			runOnlyForDeploymentPostprocessing = 0;
		};
		2C73A9C4255C2EAA00026565 /* Resources */ = {
			isa = PBXResourcesBuildPhase;
			buildActionMask = 2147483647;
			files = (
				2C73AA0A255C43A700026565 /* Assets.xcassets in Resources */,
			);
			runOnlyForDeploymentPostprocessing = 0;
		};
/* End PBXResourcesBuildPhase section */

/* Begin PBXSourcesBuildPhase section */
		2C1277D82558484B008B8C7D /* Sources */ = {
			isa = PBXSourcesBuildPhase;
			buildActionMask = 2147483647;
			files = (
				2C12780625584D88008B8C7D /* Home.FolderRow.swift in Sources */,
				2C12780225584B65008B8C7D /* PreviewData.swift in Sources */,
				2CE41D00255DB95800AE68E2 /* BookmarkEditor.URLField.swift in Sources */,
				2CE41D06255DBA0100AE68E2 /* BookmarkEditor.FavoriteButton.swift in Sources */,
				2CF72D9125597A46002381AD /* BookmarkEditor.swift in Sources */,
				2C12780A25584ED7008B8C7D /* FolderDetail.swift in Sources */,
				2C1277FA25584970008B8C7D /* Folder.swift in Sources */,
				2C1277F825584970008B8C7D /* Icon.swift in Sources */,
				2C2224DE255938BF000F53C6 /* FolderMerger.swift in Sources */,
				2C2224D625592F21000F53C6 /* SFSymbols.swift in Sources */,
				2C1277E22558484B008B8C7D /* Home.swift in Sources */,
				2C2224E5255944A8000F53C6 /* Row.swift in Sources */,
				2C12780D25585078008B8C7D /* FolderDetail.BookmarkRow.swift in Sources */,
				2CE41D11255DBAE700AE68E2 /* BookmarkEditor.ReadButton.swift in Sources */,
				2C1277FD25584970008B8C7D /* Storage.swift in Sources */,
				2CB3CE52255BC8160007419F /* Collection+Safe.swift in Sources */,
				2CE33FA725585B7C006E2254 /* FolderEditor.swift in Sources */,
				2CE41CF0255DAE9D00AE68E2 /* Action.swift in Sources */,
				2CE41CF9255DB3DD00AE68E2 /* Array+IndexForID.swift in Sources */,
				2C1277E02558484B008B8C7D /* RedeApp.swift in Sources */,
				2C1E80842559F726000CA8E4 /* Binding+Safe.swift in Sources */,
				2CE41CE7255DA15100AE68E2 /* Folder.Sorting.swift in Sources */,
				2C1277FB25584970008B8C7D /* Bookmark.swift in Sources */,
				2CF72D9425598467002381AD /* FolderPicker.swift in Sources */,
				2C1E80802559F36E000CA8E4 /* Home.NoFolders.swift in Sources */,
				2CE33FA42558568C006E2254 /* RandomAccessCollection+Indexed.swift in Sources */,
			);
			runOnlyForDeploymentPostprocessing = 0;
		};
		2C73A9C2255C2EAA00026565 /* Sources */ = {
			isa = PBXSourcesBuildPhase;
			buildActionMask = 2147483647;
			files = (
				2C73A9DE255C2FD600026565 /* Icon.swift in Sources */,
				2C73A9E0255C2FD600026565 /* Folder.swift in Sources */,
				2C24E1E4255C492100722B9C /* ShareExtension.Sheet.swift in Sources */,
				2C73AA01255C439D00026565 /* RandomAccessCollection+Indexed.swift in Sources */,
				2C73AA03255C439D00026565 /* Collection+Safe.swift in Sources */,
				2C73AA04255C439D00026565 /* Binding+Safe.swift in Sources */,
				2C24E1EF255C512900722B9C /* ShareExtension.swift in Sources */,
				2C73A9C9255C2EAA00026565 /* ShareExtension.Controller.swift in Sources */,
				2C73A9FB255C434F00026565 /* FolderPicker.swift in Sources */,
				2CE41CFA255DB3DD00AE68E2 /* Array+IndexForID.swift in Sources */,
				2C73A9DB255C2FC200026565 /* Storage.swift in Sources */,
				2C24E1F5255C517E00722B9C /* ShareExtension.Model.swift in Sources */,
				2C73AA07255C43A000026565 /* PreviewData.swift in Sources */,
				2C73A9FE255C436F00026565 /* Row.swift in Sources */,
				2C73A9DF255C2FD600026565 /* Bookmark.swift in Sources */,
				2CE41CE8255DA15100AE68E2 /* Folder.Sorting.swift in Sources */,
			);
			runOnlyForDeploymentPostprocessing = 0;
		};
/* End PBXSourcesBuildPhase section */

/* Begin PBXTargetDependency section */
		2C73A9CF255C2EAA00026565 /* PBXTargetDependency */ = {
			isa = PBXTargetDependency;
			target = 2C73A9C5255C2EAA00026565 /* Share Extension */;
			targetProxy = 2C73A9CE255C2EAA00026565 /* PBXContainerItemProxy */;
		};
/* End PBXTargetDependency section */

/* Begin XCBuildConfiguration section */
		2C1277E92558484E008B8C7D /* Debug */ = {
			isa = XCBuildConfiguration;
			buildSettings = {
				ALWAYS_SEARCH_USER_PATHS = NO;
				CLANG_ANALYZER_NONNULL = YES;
				CLANG_ANALYZER_NUMBER_OBJECT_CONVERSION = YES_AGGRESSIVE;
				CLANG_CXX_LANGUAGE_STANDARD = "gnu++14";
				CLANG_CXX_LIBRARY = "libc++";
				CLANG_ENABLE_MODULES = YES;
				CLANG_ENABLE_OBJC_ARC = YES;
				CLANG_ENABLE_OBJC_WEAK = YES;
				CLANG_WARN_BLOCK_CAPTURE_AUTORELEASING = YES;
				CLANG_WARN_BOOL_CONVERSION = YES;
				CLANG_WARN_COMMA = YES;
				CLANG_WARN_CONSTANT_CONVERSION = YES;
				CLANG_WARN_DEPRECATED_OBJC_IMPLEMENTATIONS = YES;
				CLANG_WARN_DIRECT_OBJC_ISA_USAGE = YES_ERROR;
				CLANG_WARN_DOCUMENTATION_COMMENTS = YES;
				CLANG_WARN_EMPTY_BODY = YES;
				CLANG_WARN_ENUM_CONVERSION = YES;
				CLANG_WARN_INFINITE_RECURSION = YES;
				CLANG_WARN_INT_CONVERSION = YES;
				CLANG_WARN_NON_LITERAL_NULL_CONVERSION = YES;
				CLANG_WARN_OBJC_IMPLICIT_RETAIN_SELF = YES;
				CLANG_WARN_OBJC_LITERAL_CONVERSION = YES;
				CLANG_WARN_OBJC_ROOT_CLASS = YES_ERROR;
				CLANG_WARN_QUOTED_INCLUDE_IN_FRAMEWORK_HEADER = YES;
				CLANG_WARN_RANGE_LOOP_ANALYSIS = YES;
				CLANG_WARN_STRICT_PROTOTYPES = YES;
				CLANG_WARN_SUSPICIOUS_MOVE = YES;
				CLANG_WARN_UNGUARDED_AVAILABILITY = YES_AGGRESSIVE;
				CLANG_WARN_UNREACHABLE_CODE = YES;
				CLANG_WARN__DUPLICATE_METHOD_MATCH = YES;
				COPY_PHASE_STRIP = NO;
				DEBUG_INFORMATION_FORMAT = dwarf;
				ENABLE_STRICT_OBJC_MSGSEND = YES;
				ENABLE_TESTABILITY = YES;
				GCC_C_LANGUAGE_STANDARD = gnu11;
				GCC_DYNAMIC_NO_PIC = NO;
				GCC_NO_COMMON_BLOCKS = YES;
				GCC_OPTIMIZATION_LEVEL = 0;
				GCC_PREPROCESSOR_DEFINITIONS = (
					"DEBUG=1",
					"$(inherited)",
				);
				GCC_WARN_64_TO_32_BIT_CONVERSION = YES;
				GCC_WARN_ABOUT_RETURN_TYPE = YES_ERROR;
				GCC_WARN_UNDECLARED_SELECTOR = YES;
				GCC_WARN_UNINITIALIZED_AUTOS = YES_AGGRESSIVE;
				GCC_WARN_UNUSED_FUNCTION = YES;
				GCC_WARN_UNUSED_VARIABLE = YES;
				IPHONEOS_DEPLOYMENT_TARGET = 14.0;
				MTL_ENABLE_DEBUG_INFO = INCLUDE_SOURCE;
				MTL_FAST_MATH = YES;
				ONLY_ACTIVE_ARCH = YES;
				SDKROOT = iphoneos;
				SWIFT_ACTIVE_COMPILATION_CONDITIONS = DEBUG;
				SWIFT_OPTIMIZATION_LEVEL = "-Onone";
			};
			name = Debug;
		};
		2C1277EA2558484E008B8C7D /* Release */ = {
			isa = XCBuildConfiguration;
			buildSettings = {
				ALWAYS_SEARCH_USER_PATHS = NO;
				CLANG_ANALYZER_NONNULL = YES;
				CLANG_ANALYZER_NUMBER_OBJECT_CONVERSION = YES_AGGRESSIVE;
				CLANG_CXX_LANGUAGE_STANDARD = "gnu++14";
				CLANG_CXX_LIBRARY = "libc++";
				CLANG_ENABLE_MODULES = YES;
				CLANG_ENABLE_OBJC_ARC = YES;
				CLANG_ENABLE_OBJC_WEAK = YES;
				CLANG_WARN_BLOCK_CAPTURE_AUTORELEASING = YES;
				CLANG_WARN_BOOL_CONVERSION = YES;
				CLANG_WARN_COMMA = YES;
				CLANG_WARN_CONSTANT_CONVERSION = YES;
				CLANG_WARN_DEPRECATED_OBJC_IMPLEMENTATIONS = YES;
				CLANG_WARN_DIRECT_OBJC_ISA_USAGE = YES_ERROR;
				CLANG_WARN_DOCUMENTATION_COMMENTS = YES;
				CLANG_WARN_EMPTY_BODY = YES;
				CLANG_WARN_ENUM_CONVERSION = YES;
				CLANG_WARN_INFINITE_RECURSION = YES;
				CLANG_WARN_INT_CONVERSION = YES;
				CLANG_WARN_NON_LITERAL_NULL_CONVERSION = YES;
				CLANG_WARN_OBJC_IMPLICIT_RETAIN_SELF = YES;
				CLANG_WARN_OBJC_LITERAL_CONVERSION = YES;
				CLANG_WARN_OBJC_ROOT_CLASS = YES_ERROR;
				CLANG_WARN_QUOTED_INCLUDE_IN_FRAMEWORK_HEADER = YES;
				CLANG_WARN_RANGE_LOOP_ANALYSIS = YES;
				CLANG_WARN_STRICT_PROTOTYPES = YES;
				CLANG_WARN_SUSPICIOUS_MOVE = YES;
				CLANG_WARN_UNGUARDED_AVAILABILITY = YES_AGGRESSIVE;
				CLANG_WARN_UNREACHABLE_CODE = YES;
				CLANG_WARN__DUPLICATE_METHOD_MATCH = YES;
				COPY_PHASE_STRIP = NO;
				DEBUG_INFORMATION_FORMAT = "dwarf-with-dsym";
				ENABLE_NS_ASSERTIONS = NO;
				ENABLE_STRICT_OBJC_MSGSEND = YES;
				GCC_C_LANGUAGE_STANDARD = gnu11;
				GCC_NO_COMMON_BLOCKS = YES;
				GCC_WARN_64_TO_32_BIT_CONVERSION = YES;
				GCC_WARN_ABOUT_RETURN_TYPE = YES_ERROR;
				GCC_WARN_UNDECLARED_SELECTOR = YES;
				GCC_WARN_UNINITIALIZED_AUTOS = YES_AGGRESSIVE;
				GCC_WARN_UNUSED_FUNCTION = YES;
				GCC_WARN_UNUSED_VARIABLE = YES;
				IPHONEOS_DEPLOYMENT_TARGET = 14.0;
				MTL_ENABLE_DEBUG_INFO = NO;
				MTL_FAST_MATH = YES;
				SDKROOT = iphoneos;
				SWIFT_COMPILATION_MODE = wholemodule;
				SWIFT_OPTIMIZATION_LEVEL = "-O";
				VALIDATE_PRODUCT = YES;
			};
			name = Release;
		};
		2C1277EC2558484E008B8C7D /* Debug */ = {
			isa = XCBuildConfiguration;
			buildSettings = {
				ALWAYS_EMBED_SWIFT_STANDARD_LIBRARIES = YES;
				ASSETCATALOG_COMPILER_APPICON_NAME = AppIcon;
				ASSETCATALOG_COMPILER_GLOBAL_ACCENT_COLOR_NAME = AccentColor;
				CODE_SIGN_ENTITLEMENTS = Common/Rede.entitlements;
				CODE_SIGN_STYLE = Automatic;
				DEVELOPMENT_ASSET_PATHS = "\"Common/Preview Content\"";
				DEVELOPMENT_TEAM = ACS45765XH;
				ENABLE_PREVIEWS = YES;
				INFOPLIST_FILE = App/Info.plist;
				IPHONEOS_DEPLOYMENT_TARGET = 14.0;
				LD_RUNPATH_SEARCH_PATHS = (
					"$(inherited)",
					"@executable_path/Frameworks",
				);
				PRODUCT_BUNDLE_IDENTIFIER = com.marcusrossel.Rede;
				PRODUCT_NAME = "$(TARGET_NAME)";
				SWIFT_VERSION = 5.0;
				TARGETED_DEVICE_FAMILY = 1;
			};
			name = Debug;
		};
		2C1277ED2558484E008B8C7D /* Release */ = {
			isa = XCBuildConfiguration;
			buildSettings = {
				ALWAYS_EMBED_SWIFT_STANDARD_LIBRARIES = YES;
				ASSETCATALOG_COMPILER_APPICON_NAME = AppIcon;
				ASSETCATALOG_COMPILER_GLOBAL_ACCENT_COLOR_NAME = AccentColor;
				CODE_SIGN_ENTITLEMENTS = Common/Rede.entitlements;
				CODE_SIGN_STYLE = Automatic;
				DEVELOPMENT_ASSET_PATHS = "\"Common/Preview Content\"";
				DEVELOPMENT_TEAM = ACS45765XH;
				ENABLE_PREVIEWS = YES;
				INFOPLIST_FILE = App/Info.plist;
				IPHONEOS_DEPLOYMENT_TARGET = 14.0;
				LD_RUNPATH_SEARCH_PATHS = (
					"$(inherited)",
					"@executable_path/Frameworks",
				);
				PRODUCT_BUNDLE_IDENTIFIER = com.marcusrossel.Rede;
				PRODUCT_NAME = "$(TARGET_NAME)";
				SWIFT_VERSION = 5.0;
				TARGETED_DEVICE_FAMILY = 1;
			};
			name = Release;
		};
		2C73A9D2255C2EAA00026565 /* Debug */ = {
			isa = XCBuildConfiguration;
			buildSettings = {
				CODE_SIGN_ENTITLEMENTS = Common/Rede.entitlements;
				CODE_SIGN_STYLE = Automatic;
				DEVELOPMENT_TEAM = ACS45765XH;
				INFOPLIST_FILE = "Share Extension/Info.plist";
				IPHONEOS_DEPLOYMENT_TARGET = 14.1;
				LD_RUNPATH_SEARCH_PATHS = (
					"$(inherited)",
					"@executable_path/Frameworks",
					"@executable_path/../../Frameworks",
				);
				PRODUCT_BUNDLE_IDENTIFIER = "com.marcusrossel.Rede.Share-Extension";
				PRODUCT_NAME = "$(TARGET_NAME)";
				SKIP_INSTALL = YES;
				SWIFT_VERSION = 5.0;
				TARGETED_DEVICE_FAMILY = 1;
			};
			name = Debug;
		};
		2C73A9D3255C2EAA00026565 /* Release */ = {
			isa = XCBuildConfiguration;
			buildSettings = {
				CODE_SIGN_ENTITLEMENTS = Common/Rede.entitlements;
				CODE_SIGN_STYLE = Automatic;
				DEVELOPMENT_TEAM = ACS45765XH;
				INFOPLIST_FILE = "Share Extension/Info.plist";
				IPHONEOS_DEPLOYMENT_TARGET = 14.1;
				LD_RUNPATH_SEARCH_PATHS = (
					"$(inherited)",
					"@executable_path/Frameworks",
					"@executable_path/../../Frameworks",
				);
				PRODUCT_BUNDLE_IDENTIFIER = "com.marcusrossel.Rede.Share-Extension";
				PRODUCT_NAME = "$(TARGET_NAME)";
				SKIP_INSTALL = YES;
				SWIFT_VERSION = 5.0;
				TARGETED_DEVICE_FAMILY = 1;
			};
			name = Release;
		};
/* End XCBuildConfiguration section */

/* Begin XCConfigurationList section */
		2C1277D72558484B008B8C7D /* Build configuration list for PBXProject "Rede" */ = {
			isa = XCConfigurationList;
			buildConfigurations = (
				2C1277E92558484E008B8C7D /* Debug */,
				2C1277EA2558484E008B8C7D /* Release */,
			);
			defaultConfigurationIsVisible = 0;
			defaultConfigurationName = Release;
		};
		2C1277EB2558484E008B8C7D /* Build configuration list for PBXNativeTarget "Rede" */ = {
			isa = XCConfigurationList;
			buildConfigurations = (
				2C1277EC2558484E008B8C7D /* Debug */,
				2C1277ED2558484E008B8C7D /* Release */,
			);
			defaultConfigurationIsVisible = 0;
			defaultConfigurationName = Release;
		};
		2C73A9D4255C2EAA00026565 /* Build configuration list for PBXNativeTarget "Share Extension" */ = {
			isa = XCConfigurationList;
			buildConfigurations = (
				2C73A9D2255C2EAA00026565 /* Debug */,
				2C73A9D3255C2EAA00026565 /* Release */,
			);
			defaultConfigurationIsVisible = 0;
			defaultConfigurationName = Release;
		};
/* End XCConfigurationList section */

/* Begin XCRemoteSwiftPackageReference section */
		2C24E1E9255C4D9300722B9C /* XCRemoteSwiftPackageReference "SwiftSoup" */ = {
			isa = XCRemoteSwiftPackageReference;
			repositoryURL = "https://github.com/scinfu/SwiftSoup.git";
			requirement = {
				kind = upToNextMajorVersion;
				minimumVersion = 2.3.2;
			};
		};
		2CF72D98255988A8002381AD /* XCRemoteSwiftPackageReference "data-field" */ = {
			isa = XCRemoteSwiftPackageReference;
			repositoryURL = "https://github.com/marcusrossel/data-field";
			requirement = {
				kind = upToNextMajorVersion;
				minimumVersion = 0.3.2;
			};
		};
/* End XCRemoteSwiftPackageReference section */

/* Begin XCSwiftPackageProductDependency section */
		2CF72D99255988A8002381AD /* DataField */ = {
			isa = XCSwiftPackageProductDependency;
			package = 2CF72D98255988A8002381AD /* XCRemoteSwiftPackageReference "data-field" */;
			productName = DataField;
		};
		2CF83371255C55EC00445A1A /* SwiftSoup */ = {
			isa = XCSwiftPackageProductDependency;
			package = 2C24E1E9255C4D9300722B9C /* XCRemoteSwiftPackageReference "SwiftSoup" */;
			productName = SwiftSoup;
		};
		2CF8337C255C574B00445A1A /* DataField */ = {
			isa = XCSwiftPackageProductDependency;
			package = 2CF72D98255988A8002381AD /* XCRemoteSwiftPackageReference "data-field" */;
			productName = DataField;
		};
/* End XCSwiftPackageProductDependency section */
	};
	rootObject = 2C1277D42558484B008B8C7D /* Project object */;
}
